Microsoft Visual Studio Solution File, Format Version 12.00
# Visual Studio Version 17
VisualStudioVersion = 17.0.31815.197
MinimumVisualStudioVersion = 10.0.40219.1
Project("{2150E333-8FDC-42A3-9474-1A3956D46DE8}") = "Tests", "Tests", "{B30036C4-D514-4E5B-A323-587A061772CE}"
EndProject
Project("{9A19103F-16F7-4668-BE54-9A1E7A4F7556}") = "CommunityToolkit.Common", "src\CommunityToolkit.Common\CommunityToolkit.Common.csproj", "{6FE128A8-CEFA-4A61-A987-EC92DE6B538E}"
EndProject
Project("{2150E333-8FDC-42A3-9474-1A3956D46DE8}") = "Solution Items", "Solution Items", "{CFA75BE0-5A44-45DE-8114-426A605B062B}"
	ProjectSection(SolutionItems) = preProject
		.editorconfig = .editorconfig
		.gitattributes = .gitattributes
		.gitignore = .gitignore
		.runsettings = .runsettings
		azure-pipelines.yml = azure-pipelines.yml
		Directory.Build.props = Directory.Build.props
		Directory.Build.targets = Directory.Build.targets
		toolkit.snk = toolkit.snk
		version.json = version.json
	EndProjectSection
EndProject
Project("{9A19103F-16F7-4668-BE54-9A1E7A4F7556}") = "CommunityToolkit.Mvvm", "src\CommunityToolkit.Mvvm\CommunityToolkit.Mvvm.csproj", "{D82AE6E1-E612-434E-ACB2-363EE48738D3}"
EndProject
Project("{9A19103F-16F7-4668-BE54-9A1E7A4F7556}") = "CommunityToolkit.HighPerformance", "src\CommunityToolkit.HighPerformance\CommunityToolkit.HighPerformance.csproj", "{7E30D48C-4CD8-47BE-B557-10A20391DCC4}"
EndProject
Project("{9A19103F-16F7-4668-BE54-9A1E7A4F7556}") = "CommunityToolkit.HighPerformance.UnitTests", "tests\CommunityToolkit.HighPerformance.UnitTests\CommunityToolkit.HighPerformance.UnitTests.csproj", "{D9BDBC68-3D0A-47FC-9C88-0BF769101644}"
EndProject
Project("{2150E333-8FDC-42A3-9474-1A3956D46DE8}") = "Docs", "Docs", "{88C6FFBE-322D-4CEA-842B-B2CB281D357D}"
	ProjectSection(SolutionItems) = preProject
		CODE_OF_CONDUCT.md = CODE_OF_CONDUCT.md
		Contributing.md = Contributing.md
		License.md = License.md
		README.md = README.md
		ThirdPartyNotices.txt = ThirdPartyNotices.txt
	EndProjectSection
EndProject
Project("{9A19103F-16F7-4668-BE54-9A1E7A4F7556}") = "CommunityToolkit.Diagnostics", "src\CommunityToolkit.Diagnostics\CommunityToolkit.Diagnostics.csproj", "{76F89522-CA28-458D-801D-947AB033A758}"
EndProject
Project("{9A19103F-16F7-4668-BE54-9A1E7A4F7556}") = "CommunityToolkit.Mvvm.SourceGenerators.Roslyn4001", "src\CommunityToolkit.Mvvm.SourceGenerators.Roslyn4001\CommunityToolkit.Mvvm.SourceGenerators.Roslyn4001.csproj", "{E24D1146-5AD8-498F-A518-4890D8BF4937}"
EndProject
Project("{9A19103F-16F7-4668-BE54-9A1E7A4F7556}") = "CommunityToolkit.Diagnostics.UnitTests", "tests\CommunityToolkit.Diagnostics.UnitTests\CommunityToolkit.Diagnostics.UnitTests.csproj", "{35E48D4D-6433-4B70-98A9-BA544921EE04}"
EndProject
Project("{9A19103F-16F7-4668-BE54-9A1E7A4F7556}") = "CommunityToolkit.Common.UnitTests", "tests\CommunityToolkit.Common.UnitTests\CommunityToolkit.Common.UnitTests.csproj", "{17522D0B-CA70-40B6-AFD8-8B8D45E75D92}"
EndProject
Project("{2150E333-8FDC-42A3-9474-1A3956D46DE8}") = "Build", "Build", "{CD16E790-7B7B-411E-9CE7-768E759CC22D}"
	ProjectSection(SolutionItems) = preProject
		build\Community.Toolkit.Common.props = build\Community.Toolkit.Common.props
		build\Community.Toolkit.Common.targets = build\Community.Toolkit.Common.targets
		build\header.txt = build\header.txt
		build\nuget.png = build\nuget.png
		build\Sign-Package.ps1 = build\Sign-Package.ps1
		build\SignClientSettings.json = build\SignClientSettings.json
		build\Update-Headers.ps1 = build\Update-Headers.ps1
	EndProjectSection
EndProject
Project("{2150E333-8FDC-42A3-9474-1A3956D46DE8}") = "FeatureSwitches", "FeatureSwitches", "{6640D447-C28D-4DBB-91F4-3ADCE0CA64AD}"
EndProject
Project("{9A19103F-16F7-4668-BE54-9A1E7A4F7556}") = "CommunityToolkit.Mvvm.DisableINotifyPropertyChanging.UnitTests", "tests\CommunityToolkit.Mvvm.DisableINotifyPropertyChanging.UnitTests\CommunityToolkit.Mvvm.DisableINotifyPropertyChanging.UnitTests.csproj", "{9E09DA49-4389-4ECE-8B68-EBDB1221DA90}"
EndProject
Project("{9A19103F-16F7-4668-BE54-9A1E7A4F7556}") = "CommunityToolkit.Mvvm.Internals.UnitTests", "tests\CommunityToolkit.Mvvm.Internals.UnitTests\CommunityToolkit.Mvvm.Internals.UnitTests.csproj", "{743D74BA-12AE-4639-AD77-B9DDA9C03255}"
EndProject
Project("{D954291E-2A0B-460D-934E-DC6B0785DB48}") = "CommunityToolkit.Mvvm.SourceGenerators", "src\CommunityToolkit.Mvvm.SourceGenerators\CommunityToolkit.Mvvm.SourceGenerators.shproj", "{5E7F1212-A54B-40CA-98C5-1FF5CD1A1638}"
EndProject
Project("{9A19103F-16F7-4668-BE54-9A1E7A4F7556}") = "CommunityToolkit.Mvvm.SourceGenerators.Roslyn4031", "src\CommunityToolkit.Mvvm.SourceGenerators.Roslyn4031\CommunityToolkit.Mvvm.SourceGenerators.Roslyn4031.csproj", "{DF455C40-B18E-4890-8758-7CCCB5CA7052}"
EndProject
Project("{D954291E-2A0B-460D-934E-DC6B0785DB48}") = "CommunityToolkit.Mvvm.UnitTests", "tests\CommunityToolkit.Mvvm.UnitTests\CommunityToolkit.Mvvm.UnitTests.shproj", "{B8DCD82E-B53B-4249-AD4E-F9B99ACB9334}"
EndProject
Project("{9A19103F-16F7-4668-BE54-9A1E7A4F7556}") = "CommunityToolkit.Mvvm.Roslyn4001.UnitTests", "tests\CommunityToolkit.Mvvm.Roslyn4001.UnitTests\CommunityToolkit.Mvvm.Roslyn4001.UnitTests.csproj", "{AD9C3223-8E37-4FD4-A0D4-A45119551D3A}"
EndProject
Project("{9A19103F-16F7-4668-BE54-9A1E7A4F7556}") = "CommunityToolkit.Mvvm.Roslyn4031.UnitTests", "tests\CommunityToolkit.Mvvm.Roslyn4031.UnitTests\CommunityToolkit.Mvvm.Roslyn4031.UnitTests.csproj", "{5B44F7F1-DCA2-4776-924E-A266F7BBF753}"
EndProject
Project("{D954291E-2A0B-460D-934E-DC6B0785DB48}") = "CommunityToolkit.Mvvm.SourceGenerators.UnitTests", "tests\CommunityToolkit.Mvvm.SourceGenerators.UnitTests\CommunityToolkit.Mvvm.SourceGenerators.UnitTests.shproj", "{FB59CE88-7732-4A63-B5BD-AC5681B7DA1A}"
EndProject
Project("{9A19103F-16F7-4668-BE54-9A1E7A4F7556}") = "CommunityToolkit.Mvvm.SourceGenerators.Roslyn4001.UnitTests", "tests\CommunityToolkit.Mvvm.SourceGenerators.Roslyn4001.UnitTests\CommunityToolkit.Mvvm.SourceGenerators.Roslyn4001.UnitTests.csproj", "{F3799252-7A66-4533-89D8-B3C312052D95}"
EndProject
Project("{9A19103F-16F7-4668-BE54-9A1E7A4F7556}") = "CommunityToolkit.Mvvm.SourceGenerators.Roslyn4031.UnitTests", "tests\CommunityToolkit.Mvvm.SourceGenerators.Roslyn4031.UnitTests\CommunityToolkit.Mvvm.SourceGenerators.Roslyn4031.UnitTests.csproj", "{FE3EA695-EA0F-4E5F-9257-E059AAA23B10}"
EndProject
Project("{D954291E-2A0B-460D-934E-DC6B0785DB48}") = "CommunityToolkit.Mvvm.ExternalAssembly", "tests\CommunityToolkit.Mvvm.ExternalAssembly\CommunityToolkit.Mvvm.ExternalAssembly.shproj", "{E827A9CD-405F-43E4-84C7-68CC7E845CDC}"
EndProject
Project("{9A19103F-16F7-4668-BE54-9A1E7A4F7556}") = "CommunityToolkit.Mvvm.ExternalAssembly.Roslyn4001", "tests\CommunityToolkit.Mvvm.ExternalAssembly.Roslyn4001\CommunityToolkit.Mvvm.ExternalAssembly.Roslyn4001.csproj", "{ECFE93AA-4B98-4292-B3FA-9430D513B4F9}"
EndProject
Project("{9A19103F-16F7-4668-BE54-9A1E7A4F7556}") = "CommunityToolkit.Mvvm.ExternalAssembly.Roslyn4031", "tests\CommunityToolkit.Mvvm.ExternalAssembly.Roslyn4031\CommunityToolkit.Mvvm.ExternalAssembly.Roslyn4031.csproj", "{4FCD501C-1BB5-465C-AD19-356DAB6600C6}"
EndProject
Project("{9A19103F-16F7-4668-BE54-9A1E7A4F7556}") = "CommunityToolkit.Mvvm.CodeFixers.Roslyn4001", "src\CommunityToolkit.Mvvm.CodeFixers.Roslyn4001\CommunityToolkit.Mvvm.CodeFixers.Roslyn4001.csproj", "{E79DCA2A-4C59-499F-85BD-F45215ED6B72}"
EndProject
Project("{FAE04EC0-301F-11D3-BF4B-00C04F79EFBC}") = "CommunityToolkit.Mvvm.SourceGenerators.Roslyn4110", "src\CommunityToolkit.Mvvm.SourceGenerators.Roslyn4110\CommunityToolkit.Mvvm.SourceGenerators.Roslyn4110.csproj", "{FCC13AD5-CEB8-4CC1-8250-89B616D126F2}"
EndProject
Project("{FAE04EC0-301F-11D3-BF4B-00C04F79EFBC}") = "CommunityToolkit.Mvvm.SourceGenerators.Roslyn4110.UnitTests", "tests\CommunityToolkit.Mvvm.SourceGenerators.Roslyn4110.UnitTests\CommunityToolkit.Mvvm.SourceGenerators.Roslyn4110.UnitTests.csproj", "{C342302D-A263-42D6-B8EE-01DEF8192690}"
EndProject
Project("{D954291E-2A0B-460D-934E-DC6B0785DB48}") = "CommunityToolkit.Mvvm.CodeFixers", "src\CommunityToolkit.Mvvm.CodeFixers\CommunityToolkit.Mvvm.CodeFixers.shproj", "{A2EBDA90-B720-430D-83F5-C6BCC355232C}"
EndProject
Project("{FAE04EC0-301F-11D3-BF4B-00C04F79EFBC}") = "CommunityToolkit.Mvvm.CodeFixers.Roslyn4110", "src\CommunityToolkit.Mvvm.CodeFixers.Roslyn4110\CommunityToolkit.Mvvm.CodeFixers.Roslyn4110.csproj", "{98572004-D29A-486E-8053-6D409557CE44}"
EndProject
Global
	GlobalSection(SolutionConfigurationPlatforms) = preSolution
		Debug|Any CPU = Debug|Any CPU
		Debug|ARM = Debug|ARM
		Debug|ARM64 = Debug|ARM64
		Debug|x64 = Debug|x64
		Debug|x86 = Debug|x86
		Release|Any CPU = Release|Any CPU
		Release|ARM = Release|ARM
		Release|ARM64 = Release|ARM64
		Release|x64 = Release|x64
		Release|x86 = Release|x86
	EndGlobalSection
	GlobalSection(ProjectConfigurationPlatforms) = postSolution
		{6FE128A8-CEFA-4A61-A987-EC92DE6B538E}.Debug|Any CPU.ActiveCfg = Debug|Any CPU
		{6FE128A8-CEFA-4A61-A987-EC92DE6B538E}.Debug|Any CPU.Build.0 = Debug|Any CPU
		{6FE128A8-CEFA-4A61-A987-EC92DE6B538E}.Debug|ARM.ActiveCfg = Debug|Any CPU
		{6FE128A8-CEFA-4A61-A987-EC92DE6B538E}.Debug|ARM.Build.0 = Debug|Any CPU
		{6FE128A8-CEFA-4A61-A987-EC92DE6B538E}.Debug|ARM64.ActiveCfg = Debug|Any CPU
		{6FE128A8-CEFA-4A61-A987-EC92DE6B538E}.Debug|ARM64.Build.0 = Debug|Any CPU
		{6FE128A8-CEFA-4A61-A987-EC92DE6B538E}.Debug|x64.ActiveCfg = Debug|Any CPU
		{6FE128A8-CEFA-4A61-A987-EC92DE6B538E}.Debug|x64.Build.0 = Debug|Any CPU
		{6FE128A8-CEFA-4A61-A987-EC92DE6B538E}.Debug|x86.ActiveCfg = Debug|Any CPU
		{6FE128A8-CEFA-4A61-A987-EC92DE6B538E}.Debug|x86.Build.0 = Debug|Any CPU
		{6FE128A8-CEFA-4A61-A987-EC92DE6B538E}.Release|Any CPU.ActiveCfg = Release|Any CPU
		{6FE128A8-CEFA-4A61-A987-EC92DE6B538E}.Release|Any CPU.Build.0 = Release|Any CPU
		{6FE128A8-CEFA-4A61-A987-EC92DE6B538E}.Release|ARM.ActiveCfg = Release|Any CPU
		{6FE128A8-CEFA-4A61-A987-EC92DE6B538E}.Release|ARM.Build.0 = Release|Any CPU
		{6FE128A8-CEFA-4A61-A987-EC92DE6B538E}.Release|ARM64.ActiveCfg = Release|Any CPU
		{6FE128A8-CEFA-4A61-A987-EC92DE6B538E}.Release|ARM64.Build.0 = Release|Any CPU
		{6FE128A8-CEFA-4A61-A987-EC92DE6B538E}.Release|x64.ActiveCfg = Release|Any CPU
		{6FE128A8-CEFA-4A61-A987-EC92DE6B538E}.Release|x64.Build.0 = Release|Any CPU
		{6FE128A8-CEFA-4A61-A987-EC92DE6B538E}.Release|x86.ActiveCfg = Release|Any CPU
		{6FE128A8-CEFA-4A61-A987-EC92DE6B538E}.Release|x86.Build.0 = Release|Any CPU
		{D82AE6E1-E612-434E-ACB2-363EE48738D3}.Debug|Any CPU.ActiveCfg = Debug|Any CPU
		{D82AE6E1-E612-434E-ACB2-363EE48738D3}.Debug|Any CPU.Build.0 = Debug|Any CPU
		{D82AE6E1-E612-434E-ACB2-363EE48738D3}.Debug|ARM.ActiveCfg = Debug|Any CPU
		{D82AE6E1-E612-434E-ACB2-363EE48738D3}.Debug|ARM.Build.0 = Debug|Any CPU
		{D82AE6E1-E612-434E-ACB2-363EE48738D3}.Debug|ARM64.ActiveCfg = Debug|Any CPU
		{D82AE6E1-E612-434E-ACB2-363EE48738D3}.Debug|ARM64.Build.0 = Debug|Any CPU
		{D82AE6E1-E612-434E-ACB2-363EE48738D3}.Debug|x64.ActiveCfg = Debug|Any CPU
		{D82AE6E1-E612-434E-ACB2-363EE48738D3}.Debug|x64.Build.0 = Debug|Any CPU
		{D82AE6E1-E612-434E-ACB2-363EE48738D3}.Debug|x86.ActiveCfg = Debug|Any CPU
		{D82AE6E1-E612-434E-ACB2-363EE48738D3}.Debug|x86.Build.0 = Debug|Any CPU
		{D82AE6E1-E612-434E-ACB2-363EE48738D3}.Release|Any CPU.ActiveCfg = Release|Any CPU
		{D82AE6E1-E612-434E-ACB2-363EE48738D3}.Release|Any CPU.Build.0 = Release|Any CPU
		{D82AE6E1-E612-434E-ACB2-363EE48738D3}.Release|ARM.ActiveCfg = Release|Any CPU
		{D82AE6E1-E612-434E-ACB2-363EE48738D3}.Release|ARM.Build.0 = Release|Any CPU
		{D82AE6E1-E612-434E-ACB2-363EE48738D3}.Release|ARM64.ActiveCfg = Release|Any CPU
		{D82AE6E1-E612-434E-ACB2-363EE48738D3}.Release|ARM64.Build.0 = Release|Any CPU
		{D82AE6E1-E612-434E-ACB2-363EE48738D3}.Release|x64.ActiveCfg = Release|Any CPU
		{D82AE6E1-E612-434E-ACB2-363EE48738D3}.Release|x64.Build.0 = Release|Any CPU
		{D82AE6E1-E612-434E-ACB2-363EE48738D3}.Release|x86.ActiveCfg = Release|Any CPU
		{D82AE6E1-E612-434E-ACB2-363EE48738D3}.Release|x86.Build.0 = Release|Any CPU
		{7E30D48C-4CD8-47BE-B557-10A20391DCC4}.Debug|Any CPU.ActiveCfg = Debug|Any CPU
		{7E30D48C-4CD8-47BE-B557-10A20391DCC4}.Debug|Any CPU.Build.0 = Debug|Any CPU
		{7E30D48C-4CD8-47BE-B557-10A20391DCC4}.Debug|ARM.ActiveCfg = Debug|Any CPU
		{7E30D48C-4CD8-47BE-B557-10A20391DCC4}.Debug|ARM.Build.0 = Debug|Any CPU
		{7E30D48C-4CD8-47BE-B557-10A20391DCC4}.Debug|ARM64.ActiveCfg = Debug|Any CPU
		{7E30D48C-4CD8-47BE-B557-10A20391DCC4}.Debug|ARM64.Build.0 = Debug|Any CPU
		{7E30D48C-4CD8-47BE-B557-10A20391DCC4}.Debug|x64.ActiveCfg = Debug|Any CPU
		{7E30D48C-4CD8-47BE-B557-10A20391DCC4}.Debug|x64.Build.0 = Debug|Any CPU
		{7E30D48C-4CD8-47BE-B557-10A20391DCC4}.Debug|x86.ActiveCfg = Debug|Any CPU
		{7E30D48C-4CD8-47BE-B557-10A20391DCC4}.Debug|x86.Build.0 = Debug|Any CPU
		{7E30D48C-4CD8-47BE-B557-10A20391DCC4}.Release|Any CPU.ActiveCfg = Release|Any CPU
		{7E30D48C-4CD8-47BE-B557-10A20391DCC4}.Release|Any CPU.Build.0 = Release|Any CPU
		{7E30D48C-4CD8-47BE-B557-10A20391DCC4}.Release|ARM.ActiveCfg = Release|Any CPU
		{7E30D48C-4CD8-47BE-B557-10A20391DCC4}.Release|ARM.Build.0 = Release|Any CPU
		{7E30D48C-4CD8-47BE-B557-10A20391DCC4}.Release|ARM64.ActiveCfg = Release|Any CPU
		{7E30D48C-4CD8-47BE-B557-10A20391DCC4}.Release|ARM64.Build.0 = Release|Any CPU
		{7E30D48C-4CD8-47BE-B557-10A20391DCC4}.Release|x64.ActiveCfg = Release|Any CPU
		{7E30D48C-4CD8-47BE-B557-10A20391DCC4}.Release|x64.Build.0 = Release|Any CPU
		{7E30D48C-4CD8-47BE-B557-10A20391DCC4}.Release|x86.ActiveCfg = Release|Any CPU
		{7E30D48C-4CD8-47BE-B557-10A20391DCC4}.Release|x86.Build.0 = Release|Any CPU
		{D9BDBC68-3D0A-47FC-9C88-0BF769101644}.Debug|Any CPU.ActiveCfg = Debug|Any CPU
		{D9BDBC68-3D0A-47FC-9C88-0BF769101644}.Debug|Any CPU.Build.0 = Debug|Any CPU
		{D9BDBC68-3D0A-47FC-9C88-0BF769101644}.Debug|ARM.ActiveCfg = Debug|Any CPU
		{D9BDBC68-3D0A-47FC-9C88-0BF769101644}.Debug|ARM.Build.0 = Debug|Any CPU
		{D9BDBC68-3D0A-47FC-9C88-0BF769101644}.Debug|ARM64.ActiveCfg = Debug|Any CPU
		{D9BDBC68-3D0A-47FC-9C88-0BF769101644}.Debug|ARM64.Build.0 = Debug|Any CPU
		{D9BDBC68-3D0A-47FC-9C88-0BF769101644}.Debug|x64.ActiveCfg = Debug|Any CPU
		{D9BDBC68-3D0A-47FC-9C88-0BF769101644}.Debug|x64.Build.0 = Debug|Any CPU
		{D9BDBC68-3D0A-47FC-9C88-0BF769101644}.Debug|x86.ActiveCfg = Debug|Any CPU
		{D9BDBC68-3D0A-47FC-9C88-0BF769101644}.Debug|x86.Build.0 = Debug|Any CPU
		{D9BDBC68-3D0A-47FC-9C88-0BF769101644}.Release|Any CPU.ActiveCfg = Release|Any CPU
		{D9BDBC68-3D0A-47FC-9C88-0BF769101644}.Release|Any CPU.Build.0 = Release|Any CPU
		{D9BDBC68-3D0A-47FC-9C88-0BF769101644}.Release|ARM.ActiveCfg = Release|Any CPU
		{D9BDBC68-3D0A-47FC-9C88-0BF769101644}.Release|ARM.Build.0 = Release|Any CPU
		{D9BDBC68-3D0A-47FC-9C88-0BF769101644}.Release|ARM64.ActiveCfg = Release|Any CPU
		{D9BDBC68-3D0A-47FC-9C88-0BF769101644}.Release|ARM64.Build.0 = Release|Any CPU
		{D9BDBC68-3D0A-47FC-9C88-0BF769101644}.Release|x64.ActiveCfg = Release|Any CPU
		{D9BDBC68-3D0A-47FC-9C88-0BF769101644}.Release|x64.Build.0 = Release|Any CPU
		{D9BDBC68-3D0A-47FC-9C88-0BF769101644}.Release|x86.ActiveCfg = Release|Any CPU
		{D9BDBC68-3D0A-47FC-9C88-0BF769101644}.Release|x86.Build.0 = Release|Any CPU
		{76F89522-CA28-458D-801D-947AB033A758}.Debug|Any CPU.ActiveCfg = Debug|Any CPU
		{76F89522-CA28-458D-801D-947AB033A758}.Debug|Any CPU.Build.0 = Debug|Any CPU
		{76F89522-CA28-458D-801D-947AB033A758}.Debug|ARM.ActiveCfg = Debug|Any CPU
		{76F89522-CA28-458D-801D-947AB033A758}.Debug|ARM.Build.0 = Debug|Any CPU
		{76F89522-CA28-458D-801D-947AB033A758}.Debug|ARM64.ActiveCfg = Debug|Any CPU
		{76F89522-CA28-458D-801D-947AB033A758}.Debug|ARM64.Build.0 = Debug|Any CPU
		{76F89522-CA28-458D-801D-947AB033A758}.Debug|x64.ActiveCfg = Debug|Any CPU
		{76F89522-CA28-458D-801D-947AB033A758}.Debug|x64.Build.0 = Debug|Any CPU
		{76F89522-CA28-458D-801D-947AB033A758}.Debug|x86.ActiveCfg = Debug|Any CPU
		{76F89522-CA28-458D-801D-947AB033A758}.Debug|x86.Build.0 = Debug|Any CPU
		{76F89522-CA28-458D-801D-947AB033A758}.Release|Any CPU.ActiveCfg = Release|Any CPU
		{76F89522-CA28-458D-801D-947AB033A758}.Release|Any CPU.Build.0 = Release|Any CPU
		{76F89522-CA28-458D-801D-947AB033A758}.Release|ARM.ActiveCfg = Release|Any CPU
		{76F89522-CA28-458D-801D-947AB033A758}.Release|ARM.Build.0 = Release|Any CPU
		{76F89522-CA28-458D-801D-947AB033A758}.Release|ARM64.ActiveCfg = Release|Any CPU
		{76F89522-CA28-458D-801D-947AB033A758}.Release|ARM64.Build.0 = Release|Any CPU
		{76F89522-CA28-458D-801D-947AB033A758}.Release|x64.ActiveCfg = Release|Any CPU
		{76F89522-CA28-458D-801D-947AB033A758}.Release|x64.Build.0 = Release|Any CPU
		{76F89522-CA28-458D-801D-947AB033A758}.Release|x86.ActiveCfg = Release|Any CPU
		{76F89522-CA28-458D-801D-947AB033A758}.Release|x86.Build.0 = Release|Any CPU
		{E24D1146-5AD8-498F-A518-4890D8BF4937}.Debug|Any CPU.ActiveCfg = Debug|Any CPU
		{E24D1146-5AD8-498F-A518-4890D8BF4937}.Debug|Any CPU.Build.0 = Debug|Any CPU
		{E24D1146-5AD8-498F-A518-4890D8BF4937}.Debug|ARM.ActiveCfg = Debug|Any CPU
		{E24D1146-5AD8-498F-A518-4890D8BF4937}.Debug|ARM.Build.0 = Debug|Any CPU
		{E24D1146-5AD8-498F-A518-4890D8BF4937}.Debug|ARM64.ActiveCfg = Debug|Any CPU
		{E24D1146-5AD8-498F-A518-4890D8BF4937}.Debug|ARM64.Build.0 = Debug|Any CPU
		{E24D1146-5AD8-498F-A518-4890D8BF4937}.Debug|x64.ActiveCfg = Debug|Any CPU
		{E24D1146-5AD8-498F-A518-4890D8BF4937}.Debug|x64.Build.0 = Debug|Any CPU
		{E24D1146-5AD8-498F-A518-4890D8BF4937}.Debug|x86.ActiveCfg = Debug|Any CPU
		{E24D1146-5AD8-498F-A518-4890D8BF4937}.Debug|x86.Build.0 = Debug|Any CPU
		{E24D1146-5AD8-498F-A518-4890D8BF4937}.Release|Any CPU.ActiveCfg = Release|Any CPU
		{E24D1146-5AD8-498F-A518-4890D8BF4937}.Release|Any CPU.Build.0 = Release|Any CPU
		{E24D1146-5AD8-498F-A518-4890D8BF4937}.Release|ARM.ActiveCfg = Release|Any CPU
		{E24D1146-5AD8-498F-A518-4890D8BF4937}.Release|ARM.Build.0 = Release|Any CPU
		{E24D1146-5AD8-498F-A518-4890D8BF4937}.Release|ARM64.ActiveCfg = Release|Any CPU
		{E24D1146-5AD8-498F-A518-4890D8BF4937}.Release|ARM64.Build.0 = Release|Any CPU
		{E24D1146-5AD8-498F-A518-4890D8BF4937}.Release|x64.ActiveCfg = Release|Any CPU
		{E24D1146-5AD8-498F-A518-4890D8BF4937}.Release|x64.Build.0 = Release|Any CPU
		{E24D1146-5AD8-498F-A518-4890D8BF4937}.Release|x86.ActiveCfg = Release|Any CPU
		{E24D1146-5AD8-498F-A518-4890D8BF4937}.Release|x86.Build.0 = Release|Any CPU
		{35E48D4D-6433-4B70-98A9-BA544921EE04}.Debug|Any CPU.ActiveCfg = Debug|Any CPU
		{35E48D4D-6433-4B70-98A9-BA544921EE04}.Debug|Any CPU.Build.0 = Debug|Any CPU
		{35E48D4D-6433-4B70-98A9-BA544921EE04}.Debug|ARM.ActiveCfg = Debug|Any CPU
		{35E48D4D-6433-4B70-98A9-BA544921EE04}.Debug|ARM.Build.0 = Debug|Any CPU
		{35E48D4D-6433-4B70-98A9-BA544921EE04}.Debug|ARM64.ActiveCfg = Debug|Any CPU
		{35E48D4D-6433-4B70-98A9-BA544921EE04}.Debug|ARM64.Build.0 = Debug|Any CPU
		{35E48D4D-6433-4B70-98A9-BA544921EE04}.Debug|x64.ActiveCfg = Debug|Any CPU
		{35E48D4D-6433-4B70-98A9-BA544921EE04}.Debug|x64.Build.0 = Debug|Any CPU
		{35E48D4D-6433-4B70-98A9-BA544921EE04}.Debug|x86.ActiveCfg = Debug|Any CPU
		{35E48D4D-6433-4B70-98A9-BA544921EE04}.Debug|x86.Build.0 = Debug|Any CPU
		{35E48D4D-6433-4B70-98A9-BA544921EE04}.Release|Any CPU.ActiveCfg = Release|Any CPU
		{35E48D4D-6433-4B70-98A9-BA544921EE04}.Release|Any CPU.Build.0 = Release|Any CPU
		{35E48D4D-6433-4B70-98A9-BA544921EE04}.Release|ARM.ActiveCfg = Release|Any CPU
		{35E48D4D-6433-4B70-98A9-BA544921EE04}.Release|ARM.Build.0 = Release|Any CPU
		{35E48D4D-6433-4B70-98A9-BA544921EE04}.Release|ARM64.ActiveCfg = Release|Any CPU
		{35E48D4D-6433-4B70-98A9-BA544921EE04}.Release|ARM64.Build.0 = Release|Any CPU
		{35E48D4D-6433-4B70-98A9-BA544921EE04}.Release|x64.ActiveCfg = Release|Any CPU
		{35E48D4D-6433-4B70-98A9-BA544921EE04}.Release|x64.Build.0 = Release|Any CPU
		{35E48D4D-6433-4B70-98A9-BA544921EE04}.Release|x86.ActiveCfg = Release|Any CPU
		{35E48D4D-6433-4B70-98A9-BA544921EE04}.Release|x86.Build.0 = Release|Any CPU
		{17522D0B-CA70-40B6-AFD8-8B8D45E75D92}.Debug|Any CPU.ActiveCfg = Debug|Any CPU
		{17522D0B-CA70-40B6-AFD8-8B8D45E75D92}.Debug|Any CPU.Build.0 = Debug|Any CPU
		{17522D0B-CA70-40B6-AFD8-8B8D45E75D92}.Debug|ARM.ActiveCfg = Debug|Any CPU
		{17522D0B-CA70-40B6-AFD8-8B8D45E75D92}.Debug|ARM.Build.0 = Debug|Any CPU
		{17522D0B-CA70-40B6-AFD8-8B8D45E75D92}.Debug|ARM64.ActiveCfg = Debug|Any CPU
		{17522D0B-CA70-40B6-AFD8-8B8D45E75D92}.Debug|ARM64.Build.0 = Debug|Any CPU
		{17522D0B-CA70-40B6-AFD8-8B8D45E75D92}.Debug|x64.ActiveCfg = Debug|Any CPU
		{17522D0B-CA70-40B6-AFD8-8B8D45E75D92}.Debug|x64.Build.0 = Debug|Any CPU
		{17522D0B-CA70-40B6-AFD8-8B8D45E75D92}.Debug|x86.ActiveCfg = Debug|Any CPU
		{17522D0B-CA70-40B6-AFD8-8B8D45E75D92}.Debug|x86.Build.0 = Debug|Any CPU
		{17522D0B-CA70-40B6-AFD8-8B8D45E75D92}.Release|Any CPU.ActiveCfg = Release|Any CPU
		{17522D0B-CA70-40B6-AFD8-8B8D45E75D92}.Release|Any CPU.Build.0 = Release|Any CPU
		{17522D0B-CA70-40B6-AFD8-8B8D45E75D92}.Release|ARM.ActiveCfg = Release|Any CPU
		{17522D0B-CA70-40B6-AFD8-8B8D45E75D92}.Release|ARM.Build.0 = Release|Any CPU
		{17522D0B-CA70-40B6-AFD8-8B8D45E75D92}.Release|ARM64.ActiveCfg = Release|Any CPU
		{17522D0B-CA70-40B6-AFD8-8B8D45E75D92}.Release|ARM64.Build.0 = Release|Any CPU
		{17522D0B-CA70-40B6-AFD8-8B8D45E75D92}.Release|x64.ActiveCfg = Release|Any CPU
		{17522D0B-CA70-40B6-AFD8-8B8D45E75D92}.Release|x64.Build.0 = Release|Any CPU
		{17522D0B-CA70-40B6-AFD8-8B8D45E75D92}.Release|x86.ActiveCfg = Release|Any CPU
		{17522D0B-CA70-40B6-AFD8-8B8D45E75D92}.Release|x86.Build.0 = Release|Any CPU
		{9E09DA49-4389-4ECE-8B68-EBDB1221DA90}.Debug|Any CPU.ActiveCfg = Debug|Any CPU
		{9E09DA49-4389-4ECE-8B68-EBDB1221DA90}.Debug|Any CPU.Build.0 = Debug|Any CPU
		{9E09DA49-4389-4ECE-8B68-EBDB1221DA90}.Debug|ARM.ActiveCfg = Debug|Any CPU
		{9E09DA49-4389-4ECE-8B68-EBDB1221DA90}.Debug|ARM.Build.0 = Debug|Any CPU
		{9E09DA49-4389-4ECE-8B68-EBDB1221DA90}.Debug|ARM64.ActiveCfg = Debug|Any CPU
		{9E09DA49-4389-4ECE-8B68-EBDB1221DA90}.Debug|ARM64.Build.0 = Debug|Any CPU
		{9E09DA49-4389-4ECE-8B68-EBDB1221DA90}.Debug|x64.ActiveCfg = Debug|Any CPU
		{9E09DA49-4389-4ECE-8B68-EBDB1221DA90}.Debug|x64.Build.0 = Debug|Any CPU
		{9E09DA49-4389-4ECE-8B68-EBDB1221DA90}.Debug|x86.ActiveCfg = Debug|Any CPU
		{9E09DA49-4389-4ECE-8B68-EBDB1221DA90}.Debug|x86.Build.0 = Debug|Any CPU
		{9E09DA49-4389-4ECE-8B68-EBDB1221DA90}.Release|Any CPU.ActiveCfg = Release|Any CPU
		{9E09DA49-4389-4ECE-8B68-EBDB1221DA90}.Release|Any CPU.Build.0 = Release|Any CPU
		{9E09DA49-4389-4ECE-8B68-EBDB1221DA90}.Release|ARM.ActiveCfg = Release|Any CPU
		{9E09DA49-4389-4ECE-8B68-EBDB1221DA90}.Release|ARM.Build.0 = Release|Any CPU
		{9E09DA49-4389-4ECE-8B68-EBDB1221DA90}.Release|ARM64.ActiveCfg = Release|Any CPU
		{9E09DA49-4389-4ECE-8B68-EBDB1221DA90}.Release|ARM64.Build.0 = Release|Any CPU
		{9E09DA49-4389-4ECE-8B68-EBDB1221DA90}.Release|x64.ActiveCfg = Release|Any CPU
		{9E09DA49-4389-4ECE-8B68-EBDB1221DA90}.Release|x64.Build.0 = Release|Any CPU
		{9E09DA49-4389-4ECE-8B68-EBDB1221DA90}.Release|x86.ActiveCfg = Release|Any CPU
		{9E09DA49-4389-4ECE-8B68-EBDB1221DA90}.Release|x86.Build.0 = Release|Any CPU
		{743D74BA-12AE-4639-AD77-B9DDA9C03255}.Debug|Any CPU.ActiveCfg = Debug|Any CPU
		{743D74BA-12AE-4639-AD77-B9DDA9C03255}.Debug|Any CPU.Build.0 = Debug|Any CPU
		{743D74BA-12AE-4639-AD77-B9DDA9C03255}.Debug|ARM.ActiveCfg = Debug|Any CPU
		{743D74BA-12AE-4639-AD77-B9DDA9C03255}.Debug|ARM.Build.0 = Debug|Any CPU
		{743D74BA-12AE-4639-AD77-B9DDA9C03255}.Debug|ARM64.ActiveCfg = Debug|Any CPU
		{743D74BA-12AE-4639-AD77-B9DDA9C03255}.Debug|ARM64.Build.0 = Debug|Any CPU
		{743D74BA-12AE-4639-AD77-B9DDA9C03255}.Debug|x64.ActiveCfg = Debug|Any CPU
		{743D74BA-12AE-4639-AD77-B9DDA9C03255}.Debug|x64.Build.0 = Debug|Any CPU
		{743D74BA-12AE-4639-AD77-B9DDA9C03255}.Debug|x86.ActiveCfg = Debug|Any CPU
		{743D74BA-12AE-4639-AD77-B9DDA9C03255}.Debug|x86.Build.0 = Debug|Any CPU
		{743D74BA-12AE-4639-AD77-B9DDA9C03255}.Release|Any CPU.ActiveCfg = Release|Any CPU
		{743D74BA-12AE-4639-AD77-B9DDA9C03255}.Release|Any CPU.Build.0 = Release|Any CPU
		{743D74BA-12AE-4639-AD77-B9DDA9C03255}.Release|ARM.ActiveCfg = Release|Any CPU
		{743D74BA-12AE-4639-AD77-B9DDA9C03255}.Release|ARM.Build.0 = Release|Any CPU
		{743D74BA-12AE-4639-AD77-B9DDA9C03255}.Release|ARM64.ActiveCfg = Release|Any CPU
		{743D74BA-12AE-4639-AD77-B9DDA9C03255}.Release|ARM64.Build.0 = Release|Any CPU
		{743D74BA-12AE-4639-AD77-B9DDA9C03255}.Release|x64.ActiveCfg = Release|Any CPU
		{743D74BA-12AE-4639-AD77-B9DDA9C03255}.Release|x64.Build.0 = Release|Any CPU
		{743D74BA-12AE-4639-AD77-B9DDA9C03255}.Release|x86.ActiveCfg = Release|Any CPU
		{743D74BA-12AE-4639-AD77-B9DDA9C03255}.Release|x86.Build.0 = Release|Any CPU
		{DF455C40-B18E-4890-8758-7CCCB5CA7052}.Debug|Any CPU.ActiveCfg = Debug|Any CPU
		{DF455C40-B18E-4890-8758-7CCCB5CA7052}.Debug|Any CPU.Build.0 = Debug|Any CPU
		{DF455C40-B18E-4890-8758-7CCCB5CA7052}.Debug|ARM.ActiveCfg = Debug|Any CPU
		{DF455C40-B18E-4890-8758-7CCCB5CA7052}.Debug|ARM.Build.0 = Debug|Any CPU
		{DF455C40-B18E-4890-8758-7CCCB5CA7052}.Debug|ARM64.ActiveCfg = Debug|Any CPU
		{DF455C40-B18E-4890-8758-7CCCB5CA7052}.Debug|ARM64.Build.0 = Debug|Any CPU
		{DF455C40-B18E-4890-8758-7CCCB5CA7052}.Debug|x64.ActiveCfg = Debug|Any CPU
		{DF455C40-B18E-4890-8758-7CCCB5CA7052}.Debug|x64.Build.0 = Debug|Any CPU
		{DF455C40-B18E-4890-8758-7CCCB5CA7052}.Debug|x86.ActiveCfg = Debug|Any CPU
		{DF455C40-B18E-4890-8758-7CCCB5CA7052}.Debug|x86.Build.0 = Debug|Any CPU
		{DF455C40-B18E-4890-8758-7CCCB5CA7052}.Release|Any CPU.ActiveCfg = Release|Any CPU
		{DF455C40-B18E-4890-8758-7CCCB5CA7052}.Release|Any CPU.Build.0 = Release|Any CPU
		{DF455C40-B18E-4890-8758-7CCCB5CA7052}.Release|ARM.ActiveCfg = Release|Any CPU
		{DF455C40-B18E-4890-8758-7CCCB5CA7052}.Release|ARM.Build.0 = Release|Any CPU
		{DF455C40-B18E-4890-8758-7CCCB5CA7052}.Release|ARM64.ActiveCfg = Release|Any CPU
		{DF455C40-B18E-4890-8758-7CCCB5CA7052}.Release|ARM64.Build.0 = Release|Any CPU
		{DF455C40-B18E-4890-8758-7CCCB5CA7052}.Release|x64.ActiveCfg = Release|Any CPU
		{DF455C40-B18E-4890-8758-7CCCB5CA7052}.Release|x64.Build.0 = Release|Any CPU
		{DF455C40-B18E-4890-8758-7CCCB5CA7052}.Release|x86.ActiveCfg = Release|Any CPU
		{DF455C40-B18E-4890-8758-7CCCB5CA7052}.Release|x86.Build.0 = Release|Any CPU
		{AD9C3223-8E37-4FD4-A0D4-A45119551D3A}.Debug|Any CPU.ActiveCfg = Debug|Any CPU
		{AD9C3223-8E37-4FD4-A0D4-A45119551D3A}.Debug|Any CPU.Build.0 = Debug|Any CPU
		{AD9C3223-8E37-4FD4-A0D4-A45119551D3A}.Debug|ARM.ActiveCfg = Debug|Any CPU
		{AD9C3223-8E37-4FD4-A0D4-A45119551D3A}.Debug|ARM.Build.0 = Debug|Any CPU
		{AD9C3223-8E37-4FD4-A0D4-A45119551D3A}.Debug|ARM64.ActiveCfg = Debug|Any CPU
		{AD9C3223-8E37-4FD4-A0D4-A45119551D3A}.Debug|ARM64.Build.0 = Debug|Any CPU
		{AD9C3223-8E37-4FD4-A0D4-A45119551D3A}.Debug|x64.ActiveCfg = Debug|Any CPU
		{AD9C3223-8E37-4FD4-A0D4-A45119551D3A}.Debug|x64.Build.0 = Debug|Any CPU
		{AD9C3223-8E37-4FD4-A0D4-A45119551D3A}.Debug|x86.ActiveCfg = Debug|Any CPU
		{AD9C3223-8E37-4FD4-A0D4-A45119551D3A}.Debug|x86.Build.0 = Debug|Any CPU
		{AD9C3223-8E37-4FD4-A0D4-A45119551D3A}.Release|Any CPU.ActiveCfg = Release|Any CPU
		{AD9C3223-8E37-4FD4-A0D4-A45119551D3A}.Release|Any CPU.Build.0 = Release|Any CPU
		{AD9C3223-8E37-4FD4-A0D4-A45119551D3A}.Release|ARM.ActiveCfg = Release|Any CPU
		{AD9C3223-8E37-4FD4-A0D4-A45119551D3A}.Release|ARM.Build.0 = Release|Any CPU
		{AD9C3223-8E37-4FD4-A0D4-A45119551D3A}.Release|ARM64.ActiveCfg = Release|Any CPU
		{AD9C3223-8E37-4FD4-A0D4-A45119551D3A}.Release|ARM64.Build.0 = Release|Any CPU
		{AD9C3223-8E37-4FD4-A0D4-A45119551D3A}.Release|x64.ActiveCfg = Release|Any CPU
		{AD9C3223-8E37-4FD4-A0D4-A45119551D3A}.Release|x64.Build.0 = Release|Any CPU
		{AD9C3223-8E37-4FD4-A0D4-A45119551D3A}.Release|x86.ActiveCfg = Release|Any CPU
		{AD9C3223-8E37-4FD4-A0D4-A45119551D3A}.Release|x86.Build.0 = Release|Any CPU
		{5B44F7F1-DCA2-4776-924E-A266F7BBF753}.Debug|Any CPU.ActiveCfg = Debug|Any CPU
		{5B44F7F1-DCA2-4776-924E-A266F7BBF753}.Debug|Any CPU.Build.0 = Debug|Any CPU
		{5B44F7F1-DCA2-4776-924E-A266F7BBF753}.Debug|ARM.ActiveCfg = Debug|Any CPU
		{5B44F7F1-DCA2-4776-924E-A266F7BBF753}.Debug|ARM.Build.0 = Debug|Any CPU
		{5B44F7F1-DCA2-4776-924E-A266F7BBF753}.Debug|ARM64.ActiveCfg = Debug|Any CPU
		{5B44F7F1-DCA2-4776-924E-A266F7BBF753}.Debug|ARM64.Build.0 = Debug|Any CPU
		{5B44F7F1-DCA2-4776-924E-A266F7BBF753}.Debug|x64.ActiveCfg = Debug|Any CPU
		{5B44F7F1-DCA2-4776-924E-A266F7BBF753}.Debug|x64.Build.0 = Debug|Any CPU
		{5B44F7F1-DCA2-4776-924E-A266F7BBF753}.Debug|x86.ActiveCfg = Debug|Any CPU
		{5B44F7F1-DCA2-4776-924E-A266F7BBF753}.Debug|x86.Build.0 = Debug|Any CPU
		{5B44F7F1-DCA2-4776-924E-A266F7BBF753}.Release|Any CPU.ActiveCfg = Release|Any CPU
		{5B44F7F1-DCA2-4776-924E-A266F7BBF753}.Release|Any CPU.Build.0 = Release|Any CPU
		{5B44F7F1-DCA2-4776-924E-A266F7BBF753}.Release|ARM.ActiveCfg = Release|Any CPU
		{5B44F7F1-DCA2-4776-924E-A266F7BBF753}.Release|ARM.Build.0 = Release|Any CPU
		{5B44F7F1-DCA2-4776-924E-A266F7BBF753}.Release|ARM64.ActiveCfg = Release|Any CPU
		{5B44F7F1-DCA2-4776-924E-A266F7BBF753}.Release|ARM64.Build.0 = Release|Any CPU
		{5B44F7F1-DCA2-4776-924E-A266F7BBF753}.Release|x64.ActiveCfg = Release|Any CPU
		{5B44F7F1-DCA2-4776-924E-A266F7BBF753}.Release|x64.Build.0 = Release|Any CPU
		{5B44F7F1-DCA2-4776-924E-A266F7BBF753}.Release|x86.ActiveCfg = Release|Any CPU
		{5B44F7F1-DCA2-4776-924E-A266F7BBF753}.Release|x86.Build.0 = Release|Any CPU
		{F3799252-7A66-4533-89D8-B3C312052D95}.Debug|Any CPU.ActiveCfg = Debug|Any CPU
		{F3799252-7A66-4533-89D8-B3C312052D95}.Debug|Any CPU.Build.0 = Debug|Any CPU
		{F3799252-7A66-4533-89D8-B3C312052D95}.Debug|ARM.ActiveCfg = Debug|Any CPU
		{F3799252-7A66-4533-89D8-B3C312052D95}.Debug|ARM.Build.0 = Debug|Any CPU
		{F3799252-7A66-4533-89D8-B3C312052D95}.Debug|ARM64.ActiveCfg = Debug|Any CPU
		{F3799252-7A66-4533-89D8-B3C312052D95}.Debug|ARM64.Build.0 = Debug|Any CPU
		{F3799252-7A66-4533-89D8-B3C312052D95}.Debug|x64.ActiveCfg = Debug|Any CPU
		{F3799252-7A66-4533-89D8-B3C312052D95}.Debug|x64.Build.0 = Debug|Any CPU
		{F3799252-7A66-4533-89D8-B3C312052D95}.Debug|x86.ActiveCfg = Debug|Any CPU
		{F3799252-7A66-4533-89D8-B3C312052D95}.Debug|x86.Build.0 = Debug|Any CPU
		{F3799252-7A66-4533-89D8-B3C312052D95}.Release|Any CPU.ActiveCfg = Release|Any CPU
		{F3799252-7A66-4533-89D8-B3C312052D95}.Release|Any CPU.Build.0 = Release|Any CPU
		{F3799252-7A66-4533-89D8-B3C312052D95}.Release|ARM.ActiveCfg = Release|Any CPU
		{F3799252-7A66-4533-89D8-B3C312052D95}.Release|ARM.Build.0 = Release|Any CPU
		{F3799252-7A66-4533-89D8-B3C312052D95}.Release|ARM64.ActiveCfg = Release|Any CPU
		{F3799252-7A66-4533-89D8-B3C312052D95}.Release|ARM64.Build.0 = Release|Any CPU
		{F3799252-7A66-4533-89D8-B3C312052D95}.Release|x64.ActiveCfg = Release|Any CPU
		{F3799252-7A66-4533-89D8-B3C312052D95}.Release|x64.Build.0 = Release|Any CPU
		{F3799252-7A66-4533-89D8-B3C312052D95}.Release|x86.ActiveCfg = Release|Any CPU
		{F3799252-7A66-4533-89D8-B3C312052D95}.Release|x86.Build.0 = Release|Any CPU
		{FE3EA695-EA0F-4E5F-9257-E059AAA23B10}.Debug|Any CPU.ActiveCfg = Debug|Any CPU
		{FE3EA695-EA0F-4E5F-9257-E059AAA23B10}.Debug|Any CPU.Build.0 = Debug|Any CPU
		{FE3EA695-EA0F-4E5F-9257-E059AAA23B10}.Debug|ARM.ActiveCfg = Debug|Any CPU
		{FE3EA695-EA0F-4E5F-9257-E059AAA23B10}.Debug|ARM.Build.0 = Debug|Any CPU
		{FE3EA695-EA0F-4E5F-9257-E059AAA23B10}.Debug|ARM64.ActiveCfg = Debug|Any CPU
		{FE3EA695-EA0F-4E5F-9257-E059AAA23B10}.Debug|ARM64.Build.0 = Debug|Any CPU
		{FE3EA695-EA0F-4E5F-9257-E059AAA23B10}.Debug|x64.ActiveCfg = Debug|Any CPU
		{FE3EA695-EA0F-4E5F-9257-E059AAA23B10}.Debug|x64.Build.0 = Debug|Any CPU
		{FE3EA695-EA0F-4E5F-9257-E059AAA23B10}.Debug|x86.ActiveCfg = Debug|Any CPU
		{FE3EA695-EA0F-4E5F-9257-E059AAA23B10}.Debug|x86.Build.0 = Debug|Any CPU
		{FE3EA695-EA0F-4E5F-9257-E059AAA23B10}.Release|Any CPU.ActiveCfg = Release|Any CPU
		{FE3EA695-EA0F-4E5F-9257-E059AAA23B10}.Release|Any CPU.Build.0 = Release|Any CPU
		{FE3EA695-EA0F-4E5F-9257-E059AAA23B10}.Release|ARM.ActiveCfg = Release|Any CPU
		{FE3EA695-EA0F-4E5F-9257-E059AAA23B10}.Release|ARM.Build.0 = Release|Any CPU
		{FE3EA695-EA0F-4E5F-9257-E059AAA23B10}.Release|ARM64.ActiveCfg = Release|Any CPU
		{FE3EA695-EA0F-4E5F-9257-E059AAA23B10}.Release|ARM64.Build.0 = Release|Any CPU
		{FE3EA695-EA0F-4E5F-9257-E059AAA23B10}.Release|x64.ActiveCfg = Release|Any CPU
		{FE3EA695-EA0F-4E5F-9257-E059AAA23B10}.Release|x64.Build.0 = Release|Any CPU
		{FE3EA695-EA0F-4E5F-9257-E059AAA23B10}.Release|x86.ActiveCfg = Release|Any CPU
		{FE3EA695-EA0F-4E5F-9257-E059AAA23B10}.Release|x86.Build.0 = Release|Any CPU
		{ECFE93AA-4B98-4292-B3FA-9430D513B4F9}.Debug|Any CPU.ActiveCfg = Debug|Any CPU
		{ECFE93AA-4B98-4292-B3FA-9430D513B4F9}.Debug|Any CPU.Build.0 = Debug|Any CPU
		{ECFE93AA-4B98-4292-B3FA-9430D513B4F9}.Debug|ARM.ActiveCfg = Debug|Any CPU
		{ECFE93AA-4B98-4292-B3FA-9430D513B4F9}.Debug|ARM.Build.0 = Debug|Any CPU
		{ECFE93AA-4B98-4292-B3FA-9430D513B4F9}.Debug|ARM64.ActiveCfg = Debug|Any CPU
		{ECFE93AA-4B98-4292-B3FA-9430D513B4F9}.Debug|ARM64.Build.0 = Debug|Any CPU
		{ECFE93AA-4B98-4292-B3FA-9430D513B4F9}.Debug|x64.ActiveCfg = Debug|Any CPU
		{ECFE93AA-4B98-4292-B3FA-9430D513B4F9}.Debug|x64.Build.0 = Debug|Any CPU
		{ECFE93AA-4B98-4292-B3FA-9430D513B4F9}.Debug|x86.ActiveCfg = Debug|Any CPU
		{ECFE93AA-4B98-4292-B3FA-9430D513B4F9}.Debug|x86.Build.0 = Debug|Any CPU
		{ECFE93AA-4B98-4292-B3FA-9430D513B4F9}.Release|Any CPU.ActiveCfg = Release|Any CPU
		{ECFE93AA-4B98-4292-B3FA-9430D513B4F9}.Release|Any CPU.Build.0 = Release|Any CPU
		{ECFE93AA-4B98-4292-B3FA-9430D513B4F9}.Release|ARM.ActiveCfg = Release|Any CPU
		{ECFE93AA-4B98-4292-B3FA-9430D513B4F9}.Release|ARM.Build.0 = Release|Any CPU
		{ECFE93AA-4B98-4292-B3FA-9430D513B4F9}.Release|ARM64.ActiveCfg = Release|Any CPU
		{ECFE93AA-4B98-4292-B3FA-9430D513B4F9}.Release|ARM64.Build.0 = Release|Any CPU
		{ECFE93AA-4B98-4292-B3FA-9430D513B4F9}.Release|x64.ActiveCfg = Release|Any CPU
		{ECFE93AA-4B98-4292-B3FA-9430D513B4F9}.Release|x64.Build.0 = Release|Any CPU
		{ECFE93AA-4B98-4292-B3FA-9430D513B4F9}.Release|x86.ActiveCfg = Release|Any CPU
		{ECFE93AA-4B98-4292-B3FA-9430D513B4F9}.Release|x86.Build.0 = Release|Any CPU
		{4FCD501C-1BB5-465C-AD19-356DAB6600C6}.Debug|Any CPU.ActiveCfg = Debug|Any CPU
		{4FCD501C-1BB5-465C-AD19-356DAB6600C6}.Debug|Any CPU.Build.0 = Debug|Any CPU
		{4FCD501C-1BB5-465C-AD19-356DAB6600C6}.Debug|ARM.ActiveCfg = Debug|Any CPU
		{4FCD501C-1BB5-465C-AD19-356DAB6600C6}.Debug|ARM.Build.0 = Debug|Any CPU
		{4FCD501C-1BB5-465C-AD19-356DAB6600C6}.Debug|ARM64.ActiveCfg = Debug|Any CPU
		{4FCD501C-1BB5-465C-AD19-356DAB6600C6}.Debug|ARM64.Build.0 = Debug|Any CPU
		{4FCD501C-1BB5-465C-AD19-356DAB6600C6}.Debug|x64.ActiveCfg = Debug|Any CPU
		{4FCD501C-1BB5-465C-AD19-356DAB6600C6}.Debug|x64.Build.0 = Debug|Any CPU
		{4FCD501C-1BB5-465C-AD19-356DAB6600C6}.Debug|x86.ActiveCfg = Debug|Any CPU
		{4FCD501C-1BB5-465C-AD19-356DAB6600C6}.Debug|x86.Build.0 = Debug|Any CPU
		{4FCD501C-1BB5-465C-AD19-356DAB6600C6}.Release|Any CPU.ActiveCfg = Release|Any CPU
		{4FCD501C-1BB5-465C-AD19-356DAB6600C6}.Release|Any CPU.Build.0 = Release|Any CPU
		{4FCD501C-1BB5-465C-AD19-356DAB6600C6}.Release|ARM.ActiveCfg = Release|Any CPU
		{4FCD501C-1BB5-465C-AD19-356DAB6600C6}.Release|ARM.Build.0 = Release|Any CPU
		{4FCD501C-1BB5-465C-AD19-356DAB6600C6}.Release|ARM64.ActiveCfg = Release|Any CPU
		{4FCD501C-1BB5-465C-AD19-356DAB6600C6}.Release|ARM64.Build.0 = Release|Any CPU
		{4FCD501C-1BB5-465C-AD19-356DAB6600C6}.Release|x64.ActiveCfg = Release|Any CPU
		{4FCD501C-1BB5-465C-AD19-356DAB6600C6}.Release|x64.Build.0 = Release|Any CPU
		{4FCD501C-1BB5-465C-AD19-356DAB6600C6}.Release|x86.ActiveCfg = Release|Any CPU
		{4FCD501C-1BB5-465C-AD19-356DAB6600C6}.Release|x86.Build.0 = Release|Any CPU
		{E79DCA2A-4C59-499F-85BD-F45215ED6B72}.Debug|Any CPU.ActiveCfg = Debug|Any CPU
		{E79DCA2A-4C59-499F-85BD-F45215ED6B72}.Debug|Any CPU.Build.0 = Debug|Any CPU
		{E79DCA2A-4C59-499F-85BD-F45215ED6B72}.Debug|ARM.ActiveCfg = Debug|Any CPU
		{E79DCA2A-4C59-499F-85BD-F45215ED6B72}.Debug|ARM.Build.0 = Debug|Any CPU
		{E79DCA2A-4C59-499F-85BD-F45215ED6B72}.Debug|ARM64.ActiveCfg = Debug|Any CPU
		{E79DCA2A-4C59-499F-85BD-F45215ED6B72}.Debug|ARM64.Build.0 = Debug|Any CPU
		{E79DCA2A-4C59-499F-85BD-F45215ED6B72}.Debug|x64.ActiveCfg = Debug|Any CPU
		{E79DCA2A-4C59-499F-85BD-F45215ED6B72}.Debug|x64.Build.0 = Debug|Any CPU
		{E79DCA2A-4C59-499F-85BD-F45215ED6B72}.Debug|x86.ActiveCfg = Debug|Any CPU
		{E79DCA2A-4C59-499F-85BD-F45215ED6B72}.Debug|x86.Build.0 = Debug|Any CPU
		{E79DCA2A-4C59-499F-85BD-F45215ED6B72}.Release|Any CPU.ActiveCfg = Release|Any CPU
		{E79DCA2A-4C59-499F-85BD-F45215ED6B72}.Release|Any CPU.Build.0 = Release|Any CPU
		{E79DCA2A-4C59-499F-85BD-F45215ED6B72}.Release|ARM.ActiveCfg = Release|Any CPU
		{E79DCA2A-4C59-499F-85BD-F45215ED6B72}.Release|ARM.Build.0 = Release|Any CPU
		{E79DCA2A-4C59-499F-85BD-F45215ED6B72}.Release|ARM64.ActiveCfg = Release|Any CPU
		{E79DCA2A-4C59-499F-85BD-F45215ED6B72}.Release|ARM64.Build.0 = Release|Any CPU
		{E79DCA2A-4C59-499F-85BD-F45215ED6B72}.Release|x64.ActiveCfg = Release|Any CPU
		{E79DCA2A-4C59-499F-85BD-F45215ED6B72}.Release|x64.Build.0 = Release|Any CPU
		{E79DCA2A-4C59-499F-85BD-F45215ED6B72}.Release|x86.ActiveCfg = Release|Any CPU
		{E79DCA2A-4C59-499F-85BD-F45215ED6B72}.Release|x86.Build.0 = Release|Any CPU
		{FCC13AD5-CEB8-4CC1-8250-89B616D126F2}.Debug|Any CPU.ActiveCfg = Debug|Any CPU
		{FCC13AD5-CEB8-4CC1-8250-89B616D126F2}.Debug|Any CPU.Build.0 = Debug|Any CPU
		{FCC13AD5-CEB8-4CC1-8250-89B616D126F2}.Debug|ARM.ActiveCfg = Debug|Any CPU
		{FCC13AD5-CEB8-4CC1-8250-89B616D126F2}.Debug|ARM.Build.0 = Debug|Any CPU
		{FCC13AD5-CEB8-4CC1-8250-89B616D126F2}.Debug|ARM64.ActiveCfg = Debug|Any CPU
		{FCC13AD5-CEB8-4CC1-8250-89B616D126F2}.Debug|ARM64.Build.0 = Debug|Any CPU
		{FCC13AD5-CEB8-4CC1-8250-89B616D126F2}.Debug|x64.ActiveCfg = Debug|Any CPU
		{FCC13AD5-CEB8-4CC1-8250-89B616D126F2}.Debug|x64.Build.0 = Debug|Any CPU
		{FCC13AD5-CEB8-4CC1-8250-89B616D126F2}.Debug|x86.ActiveCfg = Debug|Any CPU
		{FCC13AD5-CEB8-4CC1-8250-89B616D126F2}.Debug|x86.Build.0 = Debug|Any CPU
		{FCC13AD5-CEB8-4CC1-8250-89B616D126F2}.Release|Any CPU.ActiveCfg = Release|Any CPU
		{FCC13AD5-CEB8-4CC1-8250-89B616D126F2}.Release|Any CPU.Build.0 = Release|Any CPU
		{FCC13AD5-CEB8-4CC1-8250-89B616D126F2}.Release|ARM.ActiveCfg = Release|Any CPU
		{FCC13AD5-CEB8-4CC1-8250-89B616D126F2}.Release|ARM.Build.0 = Release|Any CPU
		{FCC13AD5-CEB8-4CC1-8250-89B616D126F2}.Release|ARM64.ActiveCfg = Release|Any CPU
		{FCC13AD5-CEB8-4CC1-8250-89B616D126F2}.Release|ARM64.Build.0 = Release|Any CPU
		{FCC13AD5-CEB8-4CC1-8250-89B616D126F2}.Release|x64.ActiveCfg = Release|Any CPU
		{FCC13AD5-CEB8-4CC1-8250-89B616D126F2}.Release|x64.Build.0 = Release|Any CPU
		{FCC13AD5-CEB8-4CC1-8250-89B616D126F2}.Release|x86.ActiveCfg = Release|Any CPU
		{FCC13AD5-CEB8-4CC1-8250-89B616D126F2}.Release|x86.Build.0 = Release|Any CPU
		{C342302D-A263-42D6-B8EE-01DEF8192690}.Debug|Any CPU.ActiveCfg = Debug|Any CPU
		{C342302D-A263-42D6-B8EE-01DEF8192690}.Debug|Any CPU.Build.0 = Debug|Any CPU
		{C342302D-A263-42D6-B8EE-01DEF8192690}.Debug|ARM.ActiveCfg = Debug|Any CPU
		{C342302D-A263-42D6-B8EE-01DEF8192690}.Debug|ARM.Build.0 = Debug|Any CPU
		{C342302D-A263-42D6-B8EE-01DEF8192690}.Debug|ARM64.ActiveCfg = Debug|Any CPU
		{C342302D-A263-42D6-B8EE-01DEF8192690}.Debug|ARM64.Build.0 = Debug|Any CPU
		{C342302D-A263-42D6-B8EE-01DEF8192690}.Debug|x64.ActiveCfg = Debug|Any CPU
		{C342302D-A263-42D6-B8EE-01DEF8192690}.Debug|x64.Build.0 = Debug|Any CPU
		{C342302D-A263-42D6-B8EE-01DEF8192690}.Debug|x86.ActiveCfg = Debug|Any CPU
		{C342302D-A263-42D6-B8EE-01DEF8192690}.Debug|x86.Build.0 = Debug|Any CPU
		{C342302D-A263-42D6-B8EE-01DEF8192690}.Release|Any CPU.ActiveCfg = Release|Any CPU
		{C342302D-A263-42D6-B8EE-01DEF8192690}.Release|Any CPU.Build.0 = Release|Any CPU
		{C342302D-A263-42D6-B8EE-01DEF8192690}.Release|ARM.ActiveCfg = Release|Any CPU
		{C342302D-A263-42D6-B8EE-01DEF8192690}.Release|ARM.Build.0 = Release|Any CPU
		{C342302D-A263-42D6-B8EE-01DEF8192690}.Release|ARM64.ActiveCfg = Release|Any CPU
		{C342302D-A263-42D6-B8EE-01DEF8192690}.Release|ARM64.Build.0 = Release|Any CPU
		{C342302D-A263-42D6-B8EE-01DEF8192690}.Release|x64.ActiveCfg = Release|Any CPU
		{C342302D-A263-42D6-B8EE-01DEF8192690}.Release|x64.Build.0 = Release|Any CPU
		{C342302D-A263-42D6-B8EE-01DEF8192690}.Release|x86.ActiveCfg = Release|Any CPU
		{C342302D-A263-42D6-B8EE-01DEF8192690}.Release|x86.Build.0 = Release|Any CPU
		{98572004-D29A-486E-8053-6D409557CE44}.Debug|Any CPU.ActiveCfg = Debug|Any CPU
		{98572004-D29A-486E-8053-6D409557CE44}.Debug|Any CPU.Build.0 = Debug|Any CPU
		{98572004-D29A-486E-8053-6D409557CE44}.Debug|ARM.ActiveCfg = Debug|Any CPU
		{98572004-D29A-486E-8053-6D409557CE44}.Debug|ARM.Build.0 = Debug|Any CPU
		{98572004-D29A-486E-8053-6D409557CE44}.Debug|ARM64.ActiveCfg = Debug|Any CPU
		{98572004-D29A-486E-8053-6D409557CE44}.Debug|ARM64.Build.0 = Debug|Any CPU
		{98572004-D29A-486E-8053-6D409557CE44}.Debug|x64.ActiveCfg = Debug|Any CPU
		{98572004-D29A-486E-8053-6D409557CE44}.Debug|x64.Build.0 = Debug|Any CPU
		{98572004-D29A-486E-8053-6D409557CE44}.Debug|x86.ActiveCfg = Debug|Any CPU
		{98572004-D29A-486E-8053-6D409557CE44}.Debug|x86.Build.0 = Debug|Any CPU
		{98572004-D29A-486E-8053-6D409557CE44}.Release|Any CPU.ActiveCfg = Release|Any CPU
		{98572004-D29A-486E-8053-6D409557CE44}.Release|Any CPU.Build.0 = Release|Any CPU
		{98572004-D29A-486E-8053-6D409557CE44}.Release|ARM.ActiveCfg = Release|Any CPU
		{98572004-D29A-486E-8053-6D409557CE44}.Release|ARM.Build.0 = Release|Any CPU
		{98572004-D29A-486E-8053-6D409557CE44}.Release|ARM64.ActiveCfg = Release|Any CPU
		{98572004-D29A-486E-8053-6D409557CE44}.Release|ARM64.Build.0 = Release|Any CPU
		{98572004-D29A-486E-8053-6D409557CE44}.Release|x64.ActiveCfg = Release|Any CPU
		{98572004-D29A-486E-8053-6D409557CE44}.Release|x64.Build.0 = Release|Any CPU
		{98572004-D29A-486E-8053-6D409557CE44}.Release|x86.ActiveCfg = Release|Any CPU
		{98572004-D29A-486E-8053-6D409557CE44}.Release|x86.Build.0 = Release|Any CPU
	EndGlobalSection
	GlobalSection(SolutionProperties) = preSolution
		HideSolutionNode = FALSE
	EndGlobalSection
	GlobalSection(NestedProjects) = preSolution
		{D9BDBC68-3D0A-47FC-9C88-0BF769101644} = {B30036C4-D514-4E5B-A323-587A061772CE}
		{88C6FFBE-322D-4CEA-842B-B2CB281D357D} = {CFA75BE0-5A44-45DE-8114-426A605B062B}
		{35E48D4D-6433-4B70-98A9-BA544921EE04} = {B30036C4-D514-4E5B-A323-587A061772CE}
		{17522D0B-CA70-40B6-AFD8-8B8D45E75D92} = {B30036C4-D514-4E5B-A323-587A061772CE}
		{CD16E790-7B7B-411E-9CE7-768E759CC22D} = {CFA75BE0-5A44-45DE-8114-426A605B062B}
		{6640D447-C28D-4DBB-91F4-3ADCE0CA64AD} = {B30036C4-D514-4E5B-A323-587A061772CE}
		{9E09DA49-4389-4ECE-8B68-EBDB1221DA90} = {6640D447-C28D-4DBB-91F4-3ADCE0CA64AD}
		{743D74BA-12AE-4639-AD77-B9DDA9C03255} = {B30036C4-D514-4E5B-A323-587A061772CE}
		{B8DCD82E-B53B-4249-AD4E-F9B99ACB9334} = {B30036C4-D514-4E5B-A323-587A061772CE}
		{AD9C3223-8E37-4FD4-A0D4-A45119551D3A} = {B30036C4-D514-4E5B-A323-587A061772CE}
		{5B44F7F1-DCA2-4776-924E-A266F7BBF753} = {B30036C4-D514-4E5B-A323-587A061772CE}
		{FB59CE88-7732-4A63-B5BD-AC5681B7DA1A} = {B30036C4-D514-4E5B-A323-587A061772CE}
		{F3799252-7A66-4533-89D8-B3C312052D95} = {B30036C4-D514-4E5B-A323-587A061772CE}
		{FE3EA695-EA0F-4E5F-9257-E059AAA23B10} = {B30036C4-D514-4E5B-A323-587A061772CE}
		{E827A9CD-405F-43E4-84C7-68CC7E845CDC} = {B30036C4-D514-4E5B-A323-587A061772CE}
		{ECFE93AA-4B98-4292-B3FA-9430D513B4F9} = {B30036C4-D514-4E5B-A323-587A061772CE}
		{4FCD501C-1BB5-465C-AD19-356DAB6600C6} = {B30036C4-D514-4E5B-A323-587A061772CE}
		{C342302D-A263-42D6-B8EE-01DEF8192690} = {B30036C4-D514-4E5B-A323-587A061772CE}
	EndGlobalSection
	GlobalSection(ExtensibilityGlobals) = postSolution
		SolutionGuid = {5403B0C4-F244-4F73-A35C-FE664D0F4345}
	EndGlobalSection
	GlobalSection(SharedMSBuildProjectFiles) = preSolution
		tests\CommunityToolkit.Mvvm.ExternalAssembly\CommunityToolkit.Mvvm.ExternalAssembly.projitems*{4fcd501c-1bb5-465c-ad19-356dab6600c6}*SharedItemsImports = 5
		tests\CommunityToolkit.Mvvm.UnitTests\CommunityToolkit.Mvvm.UnitTests.projitems*{5b44f7f1-dca2-4776-924e-a266f7bbf753}*SharedItemsImports = 5
		src\CommunityToolkit.Mvvm.SourceGenerators\CommunityToolkit.Mvvm.SourceGenerators.projitems*{5e7f1212-a54b-40ca-98c5-1ff5cd1a1638}*SharedItemsImports = 13
		src\CommunityToolkit.Mvvm.CodeFixers\CommunityToolkit.Mvvm.CodeFixers.projitems*{98572004-d29a-486e-8053-6d409557ce44}*SharedItemsImports = 5
		src\CommunityToolkit.Mvvm.CodeFixers\CommunityToolkit.Mvvm.CodeFixers.projitems*{a2ebda90-b720-430d-83f5-c6bcc355232c}*SharedItemsImports = 13
		tests\CommunityToolkit.Mvvm.UnitTests\CommunityToolkit.Mvvm.UnitTests.projitems*{ad9c3223-8e37-4fd4-a0d4-a45119551d3a}*SharedItemsImports = 5
		tests\CommunityToolkit.Mvvm.UnitTests\CommunityToolkit.Mvvm.UnitTests.projitems*{b8dcd82e-b53b-4249-ad4e-f9b99acb9334}*SharedItemsImports = 13
		tests\CommunityToolkit.Mvvm.SourceGenerators.UnitTests\CommunityToolkit.Mvvm.SourceGenerators.UnitTests.projitems*{c342302d-a263-42d6-b8ee-01def8192690}*SharedItemsImports = 5
		src\CommunityToolkit.Mvvm.SourceGenerators\CommunityToolkit.Mvvm.SourceGenerators.projitems*{df455c40-b18e-4890-8758-7cccb5ca7052}*SharedItemsImports = 5
		src\CommunityToolkit.Mvvm.SourceGenerators\CommunityToolkit.Mvvm.SourceGenerators.projitems*{e24d1146-5ad8-498f-a518-4890d8bf4937}*SharedItemsImports = 5
		src\CommunityToolkit.Mvvm.CodeFixers\CommunityToolkit.Mvvm.CodeFixers.projitems*{e79dca2a-4c59-499f-85bd-f45215ed6b72}*SharedItemsImports = 5
		tests\CommunityToolkit.Mvvm.ExternalAssembly\CommunityToolkit.Mvvm.ExternalAssembly.projitems*{e827a9cd-405f-43e4-84c7-68cc7e845cdc}*SharedItemsImports = 13
		tests\CommunityToolkit.Mvvm.ExternalAssembly\CommunityToolkit.Mvvm.ExternalAssembly.projitems*{ecfe93aa-4b98-4292-b3fa-9430d513b4f9}*SharedItemsImports = 5
		tests\CommunityToolkit.Mvvm.SourceGenerators.UnitTests\CommunityToolkit.Mvvm.SourceGenerators.UnitTests.projitems*{f3799252-7a66-4533-89d8-b3c312052d95}*SharedItemsImports = 5
		tests\CommunityToolkit.Mvvm.SourceGenerators.UnitTests\CommunityToolkit.Mvvm.SourceGenerators.UnitTests.projitems*{fb59ce88-7732-4a63-b5bd-ac5681b7da1a}*SharedItemsImports = 13
		src\CommunityToolkit.Mvvm.SourceGenerators\CommunityToolkit.Mvvm.SourceGenerators.projitems*{fcc13ad5-ceb8-4cc1-8250-89b616d126f2}*SharedItemsImports = 5
		tests\CommunityToolkit.Mvvm.SourceGenerators.UnitTests\CommunityToolkit.Mvvm.SourceGenerators.UnitTests.projitems*{fe3ea695-ea0f-4e5f-9257-e059aaa23b10}*SharedItemsImports = 5
	EndGlobalSection
EndGlobal
